{
  "name": "zen_rails_base_app",
  "version": "1.0.0",
  "lockfileVersion": 2,
  "requires": true,
  "packages": {
    "": {
      "name": "zen_rails_base_app",
      "version": "1.0.0",
      "license": "MIT",
      "dependencies": {
        "sweetalert2": "^6.6.9"
      }
    },
    "node_modules/sweetalert2": {
      "version": "6.8.0",
      "resolved": "https://registry.npmjs.org/sweetalert2/-/sweetalert2-6.8.0.tgz",
      "license": "MIT",
      "engines": {
        "node": ">=0.10.0"
      }
    }
  },
  "dependencies": {
    "sweetalert2": {
      "version": "6.8.0",
      "resolved": "https://registry.npmjs.org/sweetalert2/-/sweetalert2-6.8.0.tgz"
    }
  }
}
