# THIS IS AN AUTOGENERATED FILE. DO NOT EDIT THIS FILE DIRECTLY.
# yarn lockfile v1


ahoy.js@^0.4.0:
  version "0.4.0"
  resolved "https://registry.yarnpkg.com/ahoy.js/-/ahoy.js-0.4.0.tgz#92c0247866b167015e1fdd0bc9cda8b3a61fadbe"
  integrity sha512-jq4aidHv8QWvZzN7YYnkQ1JgO6RyDBNrobcimJRtlfKiIP8B9ZaeMOIP4qieVrNawgI6JXpxvYMllfRb+sWZew==

sweetalert2@^6.6.9:
  version "6.8.0"
  resolved "https://registry.npmjs.org/sweetalert2/-/sweetalert2-6.8.0.tgz"
